
Microsoft Visual Studio Solution File, Format Version 11.00
# Visual Studio 2010
Project("{FAE04EC0-301F-11D3-BF4B-00C04F79EFBC}") = "Assembly-CSharp-Editor", "Assembly-CSharp-Editor.csproj", "{6de3f9f2-6b48-e82f-f735-10f10374ed98}"
EndProject
Project("{FAE04EC0-301F-11D3-BF4B-00C04F79EFBC}") = "Assembly-CSharp", "Assembly-CSharp.csproj", "{26ce26ab-2e63-19ee-524a-eb482b8ff01b}"
EndProject
Global
	GlobalSection(SolutionConfigurationPlatforms) = preSolution
		Debug|Any CPU = Debug|Any CPU
	EndGlobalSection
	GlobalSection(ProjectConfigurationPlatforms) = postSolution
		{6de3f9f2-6b48-e82f-f735-10f10374ed98}.Debug|Any CPU.ActiveCfg = Debug|Any CPU
		{6de3f9f2-6b48-e82f-f735-10f10374ed98}.Debug|Any CPU.Build.0 = Debug|Any CPU
		{26ce26ab-2e63-19ee-524a-eb482b8ff01b}.Debug|Any CPU.ActiveCfg = Debug|Any CPU
		{26ce26ab-2e63-19ee-524a-eb482b8ff01b}.Debug|Any CPU.Build.0 = Debug|Any CPU
	EndGlobalSection
	GlobalSection(SolutionProperties) = preSolution
		HideSolutionNode = FALSE
	EndGlobalSection
EndGlobal
